Microsoft Visual Studio Solution File, Format Version 12.00
# Visual Studio Version 17
VisualStudioVersion = 17.5.2.0
MinimumVisualStudioVersion = 10.0.40219.1
Project("{FAE04EC0-301F-11D3-BF4B-00C04F79EFBC}") = "Anana_Restaurant", "Anana_Restaurant.csproj", "{18A21062-9B08-51CF-5387-4220A4A10B0F}"
EndProject
Global
	GlobalSection(SolutionConfigurationPlatforms) = preSolution
		Debug|Any CPU = Debug|Any CPU
		Release|Any CPU = Release|Any CPU
	EndGlobalSection
	GlobalSection(ProjectConfigurationPlatforms) = postSolution
		{18A21062-9B08-51CF-5387-4220A4A10B0F}.Debug|Any CPU.ActiveCfg = Debug|Any CPU
		{18A21062-9B08-51CF-5387-4220A4A10B0F}.Debug|Any CPU.Build.0 = Debug|Any CPU
		{18A21062-9B08-51CF-5387-4220A4A10B0F}.Release|Any CPU.ActiveCfg = Release|Any CPU
		{18A21062-9B08-51CF-5387-4220A4A10B0F}.Release|Any CPU.Build.0 = Release|Any CPU
	EndGlobalSection
	GlobalSection(SolutionProperties) = preSolution
		HideSolutionNode = FALSE
	EndGlobalSection
	GlobalSection(ExtensibilityGlobals) = postSolution
		SolutionGuid = {77CA3791-7E47-4843-B8AD-11338DECB5F4}
	EndGlobalSection
EndGlobal
